
Microsoft Visual Studio Solution File, Format Version 12.00
# Visual Studio Version 17
VisualStudioVersion = 17.2.32616.157
MinimumVisualStudioVersion = 10.0.40219.1
Project("{9A19103F-16F7-4668-BE54-9A1E7A4F7556}") = "1toOneConverterOnline", "1toOneConverterOnline\1toOneConverterOnline.csproj", "{1132A2E5-0C0E-4BCA-BD88-5309FF7341AD}"
EndProject
Project("{2150E333-8FDC-42A3-9474-1A3956D46DE8}") = "Položky řešení", "Položky řešení", "{491B4D26-ECAB-4FE3-89FE-3F7E838125BF}"
	ProjectSection(SolutionItems) = preProject
		.editorconfig = .editorconfig
	EndProjectSection
EndProject
Project("{9A19103F-16F7-4668-BE54-9A1E7A4F7556}") = "1toOneConverterOnline.Tests", "1toOneConverterOnline.Tests\1toOneConverterOnline.Tests.csproj", "{D1C03F45-5BAD-427E-BB37-3F077DA1AA8D}"
EndProject
Project("{FAE04EC0-301F-11D3-BF4B-00C04F79EFBC}") = "1toOneConverterOnline.Server", "1toOneConverterOnline.Server\1toOneConverterOnline.Server.csproj", "{FE6A74F9-1875-4856-A717-FE57E19F91F4}"
EndProject
Project("{E53339B2-1760-4266-BCC7-CA923CBCF16C}") = "docker-compose", "docker-compose.dcproj", "{81DDED9D-158B-E303-5F62-77A2896D2A5A}"
EndProject
Global
	GlobalSection(SolutionConfigurationPlatforms) = preSolution
		Debug|Any CPU = Debug|Any CPU
		Release|Any CPU = Release|Any CPU
	EndGlobalSection
	GlobalSection(ProjectConfigurationPlatforms) = postSolution
		{1132A2E5-0C0E-4BCA-BD88-5309FF7341AD}.Debug|Any CPU.ActiveCfg = Debug|Any CPU
		{1132A2E5-0C0E-4BCA-BD88-5309FF7341AD}.Debug|Any CPU.Build.0 = Debug|Any CPU
		{1132A2E5-0C0E-4BCA-BD88-5309FF7341AD}.Release|Any CPU.ActiveCfg = Release|Any CPU
		{1132A2E5-0C0E-4BCA-BD88-5309FF7341AD}.Release|Any CPU.Build.0 = Release|Any CPU
		{D1C03F45-5BAD-427E-BB37-3F077DA1AA8D}.Debug|Any CPU.ActiveCfg = Debug|Any CPU
		{D1C03F45-5BAD-427E-BB37-3F077DA1AA8D}.Debug|Any CPU.Build.0 = Debug|Any CPU
		{D1C03F45-5BAD-427E-BB37-3F077DA1AA8D}.Release|Any CPU.ActiveCfg = Release|Any CPU
		{D1C03F45-5BAD-427E-BB37-3F077DA1AA8D}.Release|Any CPU.Build.0 = Release|Any CPU
		{FE6A74F9-1875-4856-A717-FE57E19F91F4}.Debug|Any CPU.ActiveCfg = Debug|Any CPU
		{FE6A74F9-1875-4856-A717-FE57E19F91F4}.Debug|Any CPU.Build.0 = Debug|Any CPU
		{FE6A74F9-1875-4856-A717-FE57E19F91F4}.Release|Any CPU.ActiveCfg = Release|Any CPU
		{FE6A74F9-1875-4856-A717-FE57E19F91F4}.Release|Any CPU.Build.0 = Release|Any CPU
		{81DDED9D-158B-E303-5F62-77A2896D2A5A}.Debug|Any CPU.ActiveCfg = Debug|Any CPU
		{81DDED9D-158B-E303-5F62-77A2896D2A5A}.Debug|Any CPU.Build.0 = Debug|Any CPU
		{81DDED9D-158B-E303-5F62-77A2896D2A5A}.Release|Any CPU.ActiveCfg = Release|Any CPU
		{81DDED9D-158B-E303-5F62-77A2896D2A5A}.Release|Any CPU.Build.0 = Release|Any CPU
	EndGlobalSection
	GlobalSection(SolutionProperties) = preSolution
		HideSolutionNode = FALSE
	EndGlobalSection
	GlobalSection(ExtensibilityGlobals) = postSolution
		SolutionGuid = {92E2FAF2-B025-4EE6-B0A2-B5A86A1892B7}
	EndGlobalSection
EndGlobal
